{
  "name": "@playwright/cli",
  "version": "0.1.8",
  "lockfileVersion": 3,
  "requires": true,
  "packages": {
    "": {
      "name": "@playwright/cli",
      "version": "0.1.8",
      "license": "Apache-2.0",
      "dependencies": {
        "playwright": "1.60.0-alpha-2026-04-24"
      },
      "bin": {
        "playwright-cli": "playwright-cli.js"
      },
      "devDependencies": {
        "@playwright/test": "1.60.0-alpha-2026-04-24",
        "@types/node": "^25.2.1"
      },
      "engines": {
        "node": ">=18"
      }
    },
    "node_modules/@playwright/test": {
      "version": "1.60.0-alpha-2026-04-24",
      "resolved": "https://registry.npmjs.org/@playwright/test/-/test-1.60.0-alpha-2026-04-24.tgz",
      "integrity": "sha512-wabVVb3guSb1/D7ECR6R3oyGA805ZRxPJ4rKp7Ljpnv7Kr4OhP4hqb/ovwTG8tI+Ux2PmjGXModLH0+zkfoBDA==",
      "dev": true,
      "license": "Apache-2.0",
      "dependencies": {
        "playwright": "1.60.0-alpha-2026-04-24"
      },
      "bin": {
        "playwright": "cli.js"
      },
      "engines": {
        "node": ">=18"
      }
    },
    "node_modules/@types/node": {
      "version": "25.2.1",
      "resolved": "https://registry.npmjs.org/@types/node/-/node-25.2.1.tgz",
      "integrity": "sha512-CPrnr8voK8vC6eEtyRzvMpgp3VyVRhgclonE7qYi6P9sXwYb59ucfrnmFBTaP0yUi8Gk4yZg/LlTJULGxvTNsg==",
      "dev": true,
      "license": "MIT",
      "dependencies": {
        "undici-types": "~7.16.0"
      }
    },
    "node_modules/fsevents": {
      "version": "2.3.2",
      "resolved": "https://registry.npmjs.org/fsevents/-/fsevents-2.3.2.tgz",
      "integrity": "sha512-xiqMQR4xAeHTuB9uWm+fFRcIOgKBMiOBP+eXiyT7jsgVCq1bkVygt00oASowB7EdtpOHaaPgKt812P9ab+DDKA==",
      "hasInstallScript": true,
      "license": "MIT",
      "optional": true,
      "os": [
        "darwin"
      ],
      "engines": {
        "node": "^8.16.0 || ^10.6.0 || >=11.0.0"
      }
    },
    "node_modules/playwright": {
      "version": "1.60.0-alpha-2026-04-24",
      "resolved": "https://registry.npmjs.org/playwright/-/playwright-1.60.0-alpha-2026-04-24.tgz",
      "integrity": "sha512-9N912tAUJ1vyHpxsmJHP+Taexi4ZMDluPx0H4uON+PYgCSOIKOtdkkDAZo1L8wsRw3ACyCWa2VZ1Ja9VsuXSXQ==",
      "license": "Apache-2.0",
      "dependencies": {
        "playwright-core": "1.60.0-alpha-2026-04-24"
      },
      "bin": {
        "playwright": "cli.js"
      },
      "engines": {
        "node": ">=18"
      },
      "optionalDependencies": {
        "fsevents": "2.3.2"
      }
    },
    "node_modules/playwright-core": {
      "version": "1.60.0-alpha-2026-04-24",
      "resolved": "https://registry.npmjs.org/playwright-core/-/playwright-core-1.60.0-alpha-2026-04-24.tgz",
      "integrity": "sha512-sp2lxbvT8MLbjicQl39Op1db8W/IYHwtWfvpikjplcV9hKQaYUbqDoha0tISHjZAQDSPJqTaREmv7uKKgA0uUg==",
      "license": "Apache-2.0",
      "bin": {
        "playwright-core": "cli.js"
      },
      "engines": {
        "node": ">=18"
      }
    },
    "node_modules/undici-types": {
      "version": "7.16.0",
      "resolved": "https://registry.npmjs.org/undici-types/-/undici-types-7.16.0.tgz",
      "integrity": "sha512-Zz+aZWSj8LE6zoxD+xrjh4VfkIG8Ya6LvYkZqtUQGJPZjYl53ypCaUwWqo7eI0x66KBGeRo+mlBEkMSeSZ38Nw==",
      "dev": true,
      "license": "MIT"
    }
  }
}
