{
  "name": "@playwright/cli",
  "version": "0.1.22",
  "lockfileVersion": 3,
  "requires": true,
  "packages": {
    "": {
      "name": "@playwright/cli",
      "version": "0.1.22",
      "license": "Apache-2.0",
      "dependencies": {
        "playwright": "1.64.0-alpha-1790635538000",
        "playwright-core": "1.64.0-alpha-1790635538000"
      },
      "bin": {
        "playwright-cli": "playwright-cli.js"
      },
      "devDependencies": {
        "@playwright/test": "1.64.0-alpha-1790635538000",
        "@types/node": "^25.2.1"
      },
      "engines": {
        "node": ">=18"
      }
    },
    "node_modules/@playwright/test": {
      "version": "1.64.0-alpha-1790635538000",
      "resolved": "https://registry.npmjs.org/@playwright/test/-/test-1.64.0-alpha-1790635538000.tgz",
      "integrity": "sha512-fwNS0KM061wkRX7blFSp+dk5Bk4GtZKNqg/nNP2zdvXn8gN5+pZSSUlxs3go83BbnSNbXI/60wme2HJHY2LyCA==",
      "dev": true,
      "license": "Apache-2.0",
      "dependencies": {
        "playwright": "1.64.0-alpha-1790635538000"
      },
      "bin": {
        "playwright": "cli.js"
      },
      "engines": {
        "node": ">=20"
      }
    },
    "node_modules/@types/node": {
      "version": "25.2.1",
      "resolved": "https://registry.npmjs.org/@types/node/-/node-25.2.1.tgz",
      "integrity": "sha512-CPrnr8voK8vC6eEtyRzvMpgp3VyVRhgclonE7qYi6P9sXwYb59ucfrnmFBTaP0yUi8Gk4yZg/LlTJULGxvTNsg==",
      "dev": true,
      "license": "MIT",
      "dependencies": {
        "undici-types": "~7.16.0"
      }
    },
    "node_modules/playwright": {
      "version": "1.64.0-alpha-1790635538000",
      "resolved": "https://registry.npmjs.org/playwright/-/playwright-1.64.0-alpha-1790635538000.tgz",
      "integrity": "sha512-/5XDUMxpOd/9AojJtWDFIRV3EJZNQ0AwvK69wgt3CPzy8wTgiBG9pX45VfxtqtvIRGwfWzMhrvawNKreG69Snw==",
      "license": "Apache-2.0",
      "dependencies": {
        "playwright-core": "1.64.0-alpha-1790635538000"
      },
      "bin": {
        "playwright": "cli.js"
      },
      "engines": {
        "node": ">=20"
      }
    },
    "node_modules/playwright-core": {
      "version": "1.64.0-alpha-1790635538000",
      "resolved": "https://registry.npmjs.org/playwright-core/-/playwright-core-1.64.0-alpha-1790635538000.tgz",
      "integrity": "sha512-pNwaXirhXMRLaRQs4NQ18EpTdtDoFwyPH9FOaaDC7YXG4hpwE2xmwCic/1srbuExVQC7zT9LJSJpDBAru+Vo9A==",
      "license": "Apache-2.0",
      "bin": {
        "playwright-core": "cli.js"
      },
      "engines": {
        "node": ">=20"
      }
    },
    "node_modules/undici-types": {
      "version": "7.16.0",
      "resolved": "https://registry.npmjs.org/undici-types/-/undici-types-7.16.0.tgz",
      "integrity": "sha512-Zz+aZWSj8LE6zoxD+xrjh4VfkIG8Ya6LvYkZqtUQGJPZjYl53ypCaUwWqo7eI0x66KBGeRo+mlBEkMSeSZ38Nw==",
      "dev": true,
      "license": "MIT"
    }
  }
}
